
Microsoft Visual Studio Solution File, Format Version 12.00
# Visual Studio Version 16
VisualStudioVersion = 16.0.31402.337
MinimumVisualStudioVersion = 10.0.40219.1
Project("{FAE04EC0-301F-11D3-BF4B-00C04F79EFBC}") = "GoogleSheetsWrapper", "GoogleSheetsWrapper\GoogleSheetsWrapper.csproj", "{2A6DCD68-A10D-4E9B-A162-22612AC6C353}"
EndProject
Project("{FAE04EC0-301F-11D3-BF4B-00C04F79EFBC}") = "GoogleSheetsWrapper.Tests", "GoogleSheetsWrapper.Tests\GoogleSheetsWrapper.Tests.csproj", "{5FD854F9-0CD0-4882-91DF-43B1FAD7EC15}"
EndProject
Global
	GlobalSection(SolutionConfigurationPlatforms) = preSolution
		Debug|Any CPU = Debug|Any CPU
		Release|Any CPU = Release|Any CPU
	EndGlobalSection
	GlobalSection(ProjectConfigurationPlatforms) = postSolution
		{2A6DCD68-A10D-4E9B-A162-22612AC6C353}.Debug|Any CPU.ActiveCfg = Debug|Any CPU
		{2A6DCD68-A10D-4E9B-A162-22612AC6C353}.Debug|Any CPU.Build.0 = Debug|Any CPU
		{2A6DCD68-A10D-4E9B-A162-22612AC6C353}.Release|Any CPU.ActiveCfg = Release|Any CPU
		{2A6DCD68-A10D-4E9B-A162-22612AC6C353}.Release|Any CPU.Build.0 = Release|Any CPU
		{5FD854F9-0CD0-4882-91DF-43B1FAD7EC15}.Debug|Any CPU.ActiveCfg = Debug|Any CPU
		{5FD854F9-0CD0-4882-91DF-43B1FAD7EC15}.Debug|Any CPU.Build.0 = Debug|Any CPU
		{5FD854F9-0CD0-4882-91DF-43B1FAD7EC15}.Release|Any CPU.ActiveCfg = Release|Any CPU
		{5FD854F9-0CD0-4882-91DF-43B1FAD7EC15}.Release|Any CPU.Build.0 = Release|Any CPU
	EndGlobalSection
	GlobalSection(SolutionProperties) = preSolution
		HideSolutionNode = FALSE
	EndGlobalSection
	GlobalSection(ExtensibilityGlobals) = postSolution
		SolutionGuid = {7B6ACB58-5BE5-48C1-866D-2819DBFD37C2}
	EndGlobalSection
EndGlobal
